<?xml version="1.0" encoding="utf-8"?>
<Project ToolsVersion="4.0" xmlns="http://schemas.microsoft.com/developer/msbuild/2003">
  <ItemGroup>
    <Filter Include="Source Files">
      <UniqueIdentifier>{4FC737F1-C7A5-4376-A066-2A32D752A2FF}</UniqueIdentifier>
      <Extensions>cpp;c;cc;cxx;def;odl;idl;hpj;bat;asm;asmx</Extensions>
    </Filter>
    <Filter Include="Header Files">
      <UniqueIdentifier>{93995380-89BD-4b04-88EB-625FBE52EBFB}</UniqueIdentifier>
      <Extensions>h;hh;hpp;hxx;hm;inl;inc;xsd</Extensions>
    </Filter>
    <Filter Include="Resource Files">
      <UniqueIdentifier>{67DA6AB6-F800-4c08-8B7A-83BB121AAD01}</UniqueIdentifier>
      <Extensions>rc;ico;cur;bmp;dlg;rc2;rct;bin;rgs;gif;jpg;jpeg;jpe;resx;tiff;tif;png;wav;mfcribbon-ms</Extensions>
    </Filter>
  </ItemGroup>
  <ItemGroup>
    <ClInclude Include="util\game.h">
      <Filter>Header Files</Filter>
    </ClInclude>
    <ClInclude Include="util\shader.h">
      <Filter>Header Files</Filter>
    </ClInclude>
    <ClInclude Include="util\optional.h">
      <Filter>Header Files</Filter>
    </ClInclude>
    <ClInclude Include="util\logging.h">
      <Filter>Header Files</Filter>
    </ClInclude>
    <ClInclude Include="util\texture_2d.h">
      <Filter>Header Files</Filter>
    </ClInclude>
    <ClInclude Include="util\resource_mgr.h">
      <Filter>Header Files</Filter>
    </ClInclude>
    <ClInclude Include="util\sprite_renderer.h">
      <Filter>Header Files</Filter>
    </ClInclude>
    <ClInclude Include="util\gl_debug.h">
      <Filter>Header Files</Filter>
    </ClInclude>
    <ClInclude Include="util\game_object.h">
      <Filter>Header Files</Filter>
    </ClInclude>
    <ClInclude Include="util\game_level.h">
      <Filter>Header Files</Filter>
    </ClInclude>
    <ClInclude Include="util\ball_object.h">
      <Filter>Header Files</Filter>
    </ClInclude>
    <ClInclude Include="util\particle_generator.h">
      <Filter>Header Files</Filter>
    </ClInclude>
    <ClInclude Include="util\post_processor.h">
      <Filter>Header Files</Filter>
    </ClInclude>
    <ClInclude Include="util\power_up.h">
      <Filter>Header Files</Filter>
    </ClInclude>
    <ClInclude Include="util\audio_manager.h">
      <Filter>Header Files</Filter>
    </ClInclude>
    <ClInclude Include="util\text_renderer.h">
      <Filter>Header Files</Filter>
    </ClInclude>
    <ClInclude Include="util\count_of.h">
      <Filter>Header Files</Filter>
    </ClInclude>
    <ClInclude Include="util\element.h">
      <Filter>Header Files</Filter>
    </ClInclude>
    <ClInclude Include="util\types.h">
      <Filter>Header Files</Filter>
    </ClInclude>
    <ClInclude Include="util\game_viewport.h">
      <Filter>Header Files</Filter>
    </ClInclude>
  </ItemGroup>
  <ItemGroup>
    <ClCompile Include="util\game.cpp">
      <Filter>Source Files</Filter>
    </ClCompile>
    <ClCompile Include="util\shader.cpp">
      <Filter>Source Files</Filter>
    </ClCompile>
    <ClCompile Include="util\texture_2d.cpp">
      <Filter>Source Files</Filter>
    </ClCompile>
    <ClCompile Include="main.cpp">
      <Filter>Source Files</Filter>
    </ClCompile>
    <ClCompile Include="util\resource_mgr.cpp">
      <Filter>Source Files</Filter>
    </ClCompile>
    <ClCompile Include="stbi\stb_helper.cpp">
      <Filter>Source Files</Filter>
    </ClCompile>
    <ClCompile Include="util\sprite_renderer.cpp">
      <Filter>Source Files</Filter>
    </ClCompile>
    <ClCompile Include="util\game_object.cpp">
      <Filter>Source Files</Filter>
    </ClCompile>
    <ClCompile Include="util\game_level.cpp">
      <Filter>Source Files</Filter>
    </ClCompile>
    <ClCompile Include="util\ball_object.cpp">
      <Filter>Source Files</Filter>
    </ClCompile>
    <ClCompile Include="util\particle_generator.cpp">
      <Filter>Source Files</Filter>
    </ClCompile>
    <ClCompile Include="util\post_processor.cpp">
      <Filter>Source Files</Filter>
    </ClCompile>
    <ClCompile Include="util\audio_manager.cpp">
      <Filter>Source Files</Filter>
    </ClCompile>
    <ClCompile Include="util\text_renderer.cpp">
      <Filter>Source Files</Filter>
    </ClCompile>
    <ClCompile Include="util\game_viewport.cpp">
      <Filter>Source Files</Filter>
    </ClCompile>
    <ClCompile Include="glad\glad.c">
      <Filter>Source Files</Filter>
    </ClCompile>
  </ItemGroup>
  <ItemGroup>
    <None Include="shaders\sprite.fs" />
    <None Include="shaders\sprite.vs" />
    <None Include="levels\four.lvl" />
    <None Include="levels\one.lvl" />
    <None Include="levels\three.lvl" />
    <None Include="levels\two.lvl" />
    <None Include="shaders\particle.fs" />
    <None Include="shaders\particle.vs" />
    <None Include="shaders\effects.fs" />
    <None Include="shaders\effects.vs" />
    <None Include="shaders\text_2d.fs" />
    <None Include="shaders\text_2d.vs" />
  </ItemGroup>
  <ItemGroup>
    <Image Include="textures\awesomeface.png">
      <Filter>Resource Files</Filter>
    </Image>
    <Image Include="textures\background.jpg">
      <Filter>Resource Files</Filter>
    </Image>
    <Image Include="textures\block.png">
      <Filter>Resource Files</Filter>
    </Image>
    <Image Include="textures\block_solid.png">
      <Filter>Resource Files</Filter>
    </Image>
    <Image Include="textures\paddle.png">
      <Filter>Resource Files</Filter>
    </Image>
    <Image Include="textures\particle.png">
      <Filter>Resource Files</Filter>
    </Image>
    <Image Include="textures\power_ups\powerup_chaos.png">
      <Filter>Resource Files</Filter>
    </Image>
    <Image Include="textures\power_ups\powerup_confuse.png">
      <Filter>Resource Files</Filter>
    </Image>
    <Image Include="textures\power_ups\powerup_increase.png">
      <Filter>Resource Files</Filter>
    </Image>
    <Image Include="textures\power_ups\powerup_passthrough.png">
      <Filter>Resource Files</Filter>
    </Image>
    <Image Include="textures\power_ups\powerup_speed.png">
      <Filter>Resource Files</Filter>
    </Image>
    <Image Include="textures\power_ups\powerup_sticky.png">
      <Filter>Resource Files</Filter>
    </Image>
  </ItemGroup>
  <ItemGroup>
    <Media Include="audio\breakout.mp3" />
    <Media Include="audio\bleep.mp3" />
    <Media Include="audio\bleep.wav">
      <Filter>Resource Files</Filter>
    </Media>
    <Media Include="audio\powerup.wav">
      <Filter>Resource Files</Filter>
    </Media>
    <Media Include="audio\solid.wav">
      <Filter>Resource Files</Filter>
    </Media>
  </ItemGroup>
  <ItemGroup>
    <Font Include="fonts\OCRAEXT.TTF" />
  </ItemGroup>
</Project>